
Microsoft Visual Studio Solution File, Format Version 12.00
# Visual Studio 15
VisualStudioVersion = 15.0.28307.539
MinimumVisualStudioVersion = 10.0.40219.1
Project("{FAE04EC0-301F-11D3-BF4B-00C04F79EFBC}") = "Neo.Extensions.DependencyInjection", "Neo.Extensions.DependencyInjection\Neo.Extensions.DependencyInjection.csproj", "{1FF4D9EA-6D9F-458C-9F94-0EC4A298782E}"
EndProject
Project("{9A19103F-16F7-4668-BE54-9A1E7A4F7556}") = "Neo.Extensions.DependencyInjection.Tests", "Neo.Extensions.DependencyInjection.Tests\Neo.Extensions.DependencyInjection.Tests.csproj", "{98E13551-358D-4DED-86E2-F60C80DAFB72}"
EndProject
Global
	GlobalSection(SolutionConfigurationPlatforms) = preSolution
		Debug|Any CPU = Debug|Any CPU
		Release|Any CPU = Release|Any CPU
	EndGlobalSection
	GlobalSection(ProjectConfigurationPlatforms) = postSolution
		{1FF4D9EA-6D9F-458C-9F94-0EC4A298782E}.Debug|Any CPU.ActiveCfg = Debug|Any CPU
		{1FF4D9EA-6D9F-458C-9F94-0EC4A298782E}.Debug|Any CPU.Build.0 = Debug|Any CPU
		{1FF4D9EA-6D9F-458C-9F94-0EC4A298782E}.Release|Any CPU.ActiveCfg = Release|Any CPU
		{1FF4D9EA-6D9F-458C-9F94-0EC4A298782E}.Release|Any CPU.Build.0 = Release|Any CPU
		{98E13551-358D-4DED-86E2-F60C80DAFB72}.Debug|Any CPU.ActiveCfg = Debug|Any CPU
		{98E13551-358D-4DED-86E2-F60C80DAFB72}.Debug|Any CPU.Build.0 = Debug|Any CPU
		{98E13551-358D-4DED-86E2-F60C80DAFB72}.Release|Any CPU.ActiveCfg = Release|Any CPU
		{98E13551-358D-4DED-86E2-F60C80DAFB72}.Release|Any CPU.Build.0 = Release|Any CPU
	EndGlobalSection
	GlobalSection(SolutionProperties) = preSolution
		HideSolutionNode = FALSE
	EndGlobalSection
	GlobalSection(ExtensibilityGlobals) = postSolution
		SolutionGuid = {A58BE7D6-B2CE-4A14-B4F3-A2BF6263F91C}
	EndGlobalSection
EndGlobal
